
Microsoft Visual Studio Solution File, Format Version 12.00
# Visual Studio 15
VisualStudioVersion = 15.0.28307.539
MinimumVisualStudioVersion = 10.0.40219.1
Project("{FAE04EC0-301F-11D3-BF4B-00C04F79EFBC}") = "MonitorService", "MonitorService\MonitorService.csproj", "{F995ACB0-D356-4A4B-96FD-02ED461417E7}"
EndProject
Project("{9A19103F-16F7-4668-BE54-9A1E7A4F7556}") = "Messages", "Messages\Messages.csproj", "{93B898F6-3FC9-436F-9543-D6BDAA4704FC}"
EndProject
Global
	GlobalSection(SolutionConfigurationPlatforms) = preSolution
		Debug|Any CPU = Debug|Any CPU
		Release|Any CPU = Release|Any CPU
	EndGlobalSection
	GlobalSection(ProjectConfigurationPlatforms) = postSolution
		{F995ACB0-D356-4A4B-96FD-02ED461417E7}.Debug|Any CPU.ActiveCfg = Debug|Any CPU
		{F995ACB0-D356-4A4B-96FD-02ED461417E7}.Debug|Any CPU.Build.0 = Debug|Any CPU
		{F995ACB0-D356-4A4B-96FD-02ED461417E7}.Release|Any CPU.ActiveCfg = Release|Any CPU
		{F995ACB0-D356-4A4B-96FD-02ED461417E7}.Release|Any CPU.Build.0 = Release|Any CPU
		{93B898F6-3FC9-436F-9543-D6BDAA4704FC}.Debug|Any CPU.ActiveCfg = Debug|Any CPU
		{93B898F6-3FC9-436F-9543-D6BDAA4704FC}.Debug|Any CPU.Build.0 = Debug|Any CPU
		{93B898F6-3FC9-436F-9543-D6BDAA4704FC}.Release|Any CPU.ActiveCfg = Release|Any CPU
		{93B898F6-3FC9-436F-9543-D6BDAA4704FC}.Release|Any CPU.Build.0 = Release|Any CPU
	EndGlobalSection
	GlobalSection(SolutionProperties) = preSolution
		HideSolutionNode = FALSE
	EndGlobalSection
	GlobalSection(ExtensibilityGlobals) = postSolution
		SolutionGuid = {158430BD-F48D-4028-8552-E113E2CA13F2}
	EndGlobalSection
EndGlobal
